
Microsoft Visual Studio Solution File, Format Version 12.00
# Visual Studio Version 17
VisualStudioVersion = 17.2.32630.192
MinimumVisualStudioVersion = 10.0.40219.1
Project("{FAE04EC0-301F-11D3-BF4B-00C04F79EFBC}") = "SeleniumScraper", "SeleniumScraper.csproj", "{2D3E94CD-7D65-47AE-BF84-7235168BCC61}"
EndProject
Global
	GlobalSection(SolutionConfigurationPlatforms) = preSolution
		Debug|Any CPU = Debug|Any CPU
		Release|Any CPU = Release|Any CPU
	EndGlobalSection
	GlobalSection(ProjectConfigurationPlatforms) = postSolution
		{2D3E94CD-7D65-47AE-BF84-7235168BCC61}.Debug|Any CPU.ActiveCfg = Debug|Any CPU
		{2D3E94CD-7D65-47AE-BF84-7235168BCC61}.Debug|Any CPU.Build.0 = Debug|Any CPU
		{2D3E94CD-7D65-47AE-BF84-7235168BCC61}.Release|Any CPU.ActiveCfg = Release|Any CPU
		{2D3E94CD-7D65-47AE-BF84-7235168BCC61}.Release|Any CPU.Build.0 = Release|Any CPU
	EndGlobalSection
	GlobalSection(SolutionProperties) = preSolution
		HideSolutionNode = FALSE
	EndGlobalSection
	GlobalSection(ExtensibilityGlobals) = postSolution
		SolutionGuid = {841C1C31-BF90-43E3-AB57-6371AE490E3C}
	EndGlobalSection
EndGlobal
